{
  "name": "formkit-vite-starter-project",
  "version": "0.0.1",
  "lockfileVersion": 1,
  "requires": true,
  "dependencies": {
    "@babel/parser": {
      "version": "7.18.6",
      "resolved": "https://registry.npmjs.org/@babel/parser/-/parser-7.18.6.tgz",
      "integrity": "sha512-uQVSa9jJUe/G/304lXspfWVpKpK4euFLgGiMQFOCpM/bgcAdeoHwi/OQz23O9GK2osz26ZiXRRV9aV+Yl1O8tw=="
    },
    "@csstools/postcss-cascade-layers": {
      "version": "1.0.4",
      "resolved": "https://registry.npmjs.org/@csstools/postcss-cascade-layers/-/postcss-cascade-layers-1.0.4.tgz",
      "integrity": "sha512-zP2tQIFu4C3HueOT+G4Pkla7f2Z6pfXphc1Y9wDE5jS2Ss6dk/asQ7FFEFWKgy3EkYc7E1FSjzhfeZVGg5sjXQ==",
      "dev": true,
      "requires": {
        "@csstools/selector-specificity": "^2.0.0",
        "postcss-selector-parser": "^6.0.10"
      }
    },
    "@csstools/postcss-color-function": {
      "version": "1.1.0",
      "resolved": "https://registry.npmjs.org/@csstools/postcss-color-function/-/postcss-color-function-1.1.0.tgz",
      "integrity": "sha512-5D5ND/mZWcQoSfYnSPsXtuiFxhzmhxt6pcjrFLJyldj+p0ZN2vvRpYNX+lahFTtMhAYOa2WmkdGINr0yP0CvGA==",
      "dev": true,
      "requires": {
        "@csstools/postcss-progressive-custom-properties": "^1.1.0",
        "postcss-value-parser": "^4.2.0"
      }
    },
    "@csstools/postcss-font-format-keywords": {
      "version": "1.0.0",
      "resolved": "https://registry.npmjs.org/@csstools/postcss-font-format-keywords/-/postcss-font-format-keywords-1.0.0.tgz",
      "integrity": "sha512-oO0cZt8do8FdVBX8INftvIA4lUrKUSCcWUf9IwH9IPWOgKT22oAZFXeHLoDK7nhB2SmkNycp5brxfNMRLIhd6Q==",
      "dev": true,
      "requires": {
        "postcss-value-parser": "^4.2.0"
      }
    },
    "@csstools/postcss-hwb-function": {
      "version": "1.0.1",
      "resolved": "https://registry.npmjs.org/@csstools/postcss-hwb-function/-/postcss-hwb-function-1.0.1.tgz",
      "integrity": "sha512-AMZwWyHbbNLBsDADWmoXT9A5yl5dsGEBeJSJRUJt8Y9n8Ziu7Wstt4MC8jtPW7xjcLecyfJwtnUTNSmOzcnWeg==",
      "dev": true,
      "requires": {
        "postcss-value-parser": "^4.2.0"
      }
    },
    "@csstools/postcss-ic-unit": {
      "version": "1.0.0",
      "resolved": "https://registry.npmjs.org/@csstools/postcss-ic-unit/-/postcss-ic-unit-1.0.0.tgz",
      "integrity": "sha512-i4yps1mBp2ijrx7E96RXrQXQQHm6F4ym1TOD0D69/sjDjZvQ22tqiEvaNw7pFZTUO5b9vWRHzbHzP9+UKuw+bA==",
      "dev": true,
      "requires": {
        "@csstools/postcss-progressive-custom-properties": "^1.1.0",
        "postcss-value-parser": "^4.2.0"
      }
    },
    "@csstools/postcss-is-pseudo-class": {
      "version": "2.0.6",
      "resolved": "https://registry.npmjs.org/@csstools/postcss-is-pseudo-class/-/postcss-is-pseudo-class-2.0.6.tgz",
      "integrity": "sha512-Oqs396oenuyyMdRXOstxXbxei8fYEgToYjmlYHEi5gk0QLk7xQ72LY7NDr7waWAAmdVzRqPpbE26Q7/cUrGu4Q==",
      "dev": true,
      "requires": {
        "@csstools/selector-specificity": "^2.0.0",
        "postcss-selector-parser": "^6.0.10"
      }
    },
    "@csstools/postcss-normalize-display-values": {
      "version": "1.0.0",
      "resolved": "https://registry.npmjs.org/@csstools/postcss-normalize-display-values/-/postcss-normalize-display-values-1.0.0.tgz",
      "integrity": "sha512-bX+nx5V8XTJEmGtpWTO6kywdS725t71YSLlxWt78XoHUbELWgoCXeOFymRJmL3SU1TLlKSIi7v52EWqe60vJTQ==",
      "dev": true,
      "requires": {
        "postcss-value-parser": "^4.2.0"
      }
    },
    "@csstools/postcss-oklab-function": {
      "version": "1.1.0",
      "resolved": "https://registry.npmjs.org/@csstools/postcss-oklab-function/-/postcss-oklab-function-1.1.0.tgz",
      "integrity": "sha512-e/Q5HopQzmnQgqimG9v3w2IG4VRABsBq3itOcn4bnm+j4enTgQZ0nWsaH/m9GV2otWGQ0nwccYL5vmLKyvP1ww==",
      "dev": true,
      "requires": {
        "@csstools/postcss-progressive-custom-properties": "^1.1.0",
        "postcss-value-parser": "^4.2.0"
      }
    },
    "@csstools/postcss-progressive-custom-properties": {
      "version": "1.3.0",
      "resolved": "https://registry.npmjs.org/@csstools/postcss-progressive-custom-properties/-/postcss-progressive-custom-properties-1.3.0.tgz",
      "integrity": "sha512-ASA9W1aIy5ygskZYuWams4BzafD12ULvSypmaLJT2jvQ8G0M3I8PRQhC0h7mG0Z3LI05+agZjqSR9+K9yaQQjA==",
      "dev": true,
      "requires": {
        "postcss-value-parser": "^4.2.0"
      }
    },
    "@csstools/postcss-stepped-value-functions": {
      "version": "1.0.0",
      "resolved": "https://registry.npmjs.org/@csstools/postcss-stepped-value-functions/-/postcss-stepped-value-functions-1.0.0.tgz",
      "integrity": "sha512-q8c4bs1GumAiRenmFjASBcWSLKrbzHzWl6C2HcaAxAXIiL2rUlUWbqQZUjwVG5tied0rld19j/Mm90K3qI26vw==",
      "dev": true,
      "requires": {
        "postcss-value-parser": "^4.2.0"
      }
    },
    "@csstools/postcss-trigonometric-functions": {
      "version": "1.0.1",
      "resolved": "https://registry.npmjs.org/@csstools/postcss-trigonometric-functions/-/postcss-trigonometric-functions-1.0.1.tgz",
      "integrity": "sha512-G78CY/+GePc6dDCTUbwI6TTFQ5fs3N9POHhI6v0QzteGpf6ylARiJUNz9HrRKi4eVYBNXjae1W2766iUEFxHlw==",
      "dev": true,
      "requires": {
        "postcss-value-parser": "^4.2.0"
      }
    },
    "@csstools/postcss-unset-value": {
      "version": "1.0.1",
      "resolved": "https://registry.npmjs.org/@csstools/postcss-unset-value/-/postcss-unset-value-1.0.1.tgz",
      "integrity": "sha512-f1G1WGDXEU/RN1TWAxBPQgQudtLnLQPyiWdtypkPC+mVYNKFKH/HYXSxH4MVNqwF8M0eDsoiU7HumJHCg/L/jg==",
      "dev": true
    },
    "@csstools/selector-specificity": {
      "version": "2.0.1",
      "resolved": "https://registry.npmjs.org/@csstools/selector-specificity/-/selector-specificity-2.0.1.tgz",
      "integrity": "sha512-aG20vknL4/YjQF9BSV7ts4EWm/yrjagAN7OWBNmlbEOUiu0llj4OGrFoOKK3g2vey4/p2omKCoHrWtPxSwV3HA==",
      "dev": true
    },
    "@formkit/core": {
      "version": "1.0.0-beta.10-b8cab8f",
      "resolved": "https://registry.npmjs.org/@formkit/core/-/core-1.0.0-beta.10-b8cab8f.tgz",
      "integrity": "sha512-cQGxLzwNrgyftKeLs4y35ToFCtyC0yB/aJ08ZIaL/ixl09UsK9MZMsx1NvWX4xn0+jV2ghN5IGZG3hVVn1dwZQ==",
      "requires": {
        "@formkit/utils": "1.0.0-beta.10-b8cab8f"
      }
    },
    "@formkit/dev": {
      "version": "1.0.0-beta.10-b8cab8f",
      "resolved": "https://registry.npmjs.org/@formkit/dev/-/dev-1.0.0-beta.10-b8cab8f.tgz",
      "integrity": "sha512-m1cRAQjJ1hsYfyZCbhWh6xDL0u9Ti/euCIkuTaJNi8BYhuqdo4RemTzr1X6/AiCPl0uKpMkZKjkeeeKGssvptA==",
      "requires": {
        "@formkit/core": "1.0.0-beta.10-b8cab8f",
        "@formkit/utils": "1.0.0-beta.10-b8cab8f"
      }
    },
    "@formkit/i18n": {
      "version": "1.0.0-beta.10-b8cab8f",
      "resolved": "https://registry.npmjs.org/@formkit/i18n/-/i18n-1.0.0-beta.10-b8cab8f.tgz",
      "integrity": "sha512-IqIfMpLoGlMRuicEVxc6J1ZupAh8u4IPaVEmRnSRjGHde0may+0pXzJxOuitCsTbO8AmjcEt0O4t0x9Bru1snQ==",
      "requires": {
        "@formkit/core": "1.0.0-beta.10-b8cab8f",
        "@formkit/utils": "1.0.0-beta.10-b8cab8f",
        "@formkit/validation": "1.0.0-beta.10-b8cab8f"
      }
    },
    "@formkit/inputs": {
      "version": "1.0.0-beta.10-b8cab8f",
      "resolved": "https://registry.npmjs.org/@formkit/inputs/-/inputs-1.0.0-beta.10-b8cab8f.tgz",
      "integrity": "sha512-VT8ah156hW5Mn9M21lLs7N+wpx461nIRefZGcbjmnkyADqjolT0sMbR0sRM5wgVpGpeF8TNs/1/ixtW3BLUEpg==",
      "requires": {
        "@formkit/core": "1.0.0-beta.10-b8cab8f"
      }
    },
    "@formkit/observer": {
      "version": "1.0.0-beta.10-b8cab8f",
      "resolved": "https://registry.npmjs.org/@formkit/observer/-/observer-1.0.0-beta.10-b8cab8f.tgz",
      "integrity": "sha512-w0ric3TCol8L7eXX9NPkDqIHBOaYEWlI5uVCvgV4MrRZJAY/dtTU4C42FCr6b76oiG59uUtsTa4UycoV5Oyxfg==",
      "requires": {
        "@formkit/core": "1.0.0-beta.10-b8cab8f",
        "@formkit/utils": "1.0.0-beta.10-b8cab8f"
      }
    },
    "@formkit/rules": {
      "version": "1.0.0-beta.10-b8cab8f",
      "resolved": "https://registry.npmjs.org/@formkit/rules/-/rules-1.0.0-beta.10-b8cab8f.tgz",
      "integrity": "sha512-6UMV4Gcb5yyLxdChu+xODARp+JJ1yDdRfEokNegKxKe7ChrKaKRLEBLkweN3eVOo7PIPHtLuJCUgoG+RHsRaUQ==",
      "requires": {
        "@formkit/core": "1.0.0-beta.10-b8cab8f",
        "@formkit/utils": "1.0.0-beta.10-b8cab8f",
        "@formkit/validation": "1.0.0-beta.10-b8cab8f"
      }
    },
    "@formkit/themes": {
      "version": "1.0.0-beta.10-b8cab8f",
      "resolved": "https://registry.npmjs.org/@formkit/themes/-/themes-1.0.0-beta.10-b8cab8f.tgz",
      "integrity": "sha512-XgFCrClugJ/1taAupi6Ar0FLu8M/M4R1q81I4H3KesKSLCPrQ44bTWztLqTm5fwjD82BfajPSygmI7zGjXsUlg==",
      "requires": {
        "@formkit/core": "1.0.0-beta.10-b8cab8f"
      }
    },
    "@formkit/utils": {
      "version": "1.0.0-beta.10-b8cab8f",
      "resolved": "https://registry.npmjs.org/@formkit/utils/-/utils-1.0.0-beta.10-b8cab8f.tgz",
      "integrity": "sha512-L/Xzp4CBkDCiHTIvnM8P+7JAI1d6+ZD5nu66c7b9YaDOZZCup0iHH+101YkomHbTDj+ShICsa36/hAhksxQebw=="
    },
    "@formkit/validation": {
      "version": "1.0.0-beta.10-b8cab8f",
      "resolved": "https://registry.npmjs.org/@formkit/validation/-/validation-1.0.0-beta.10-b8cab8f.tgz",
      "integrity": "sha512-xowcfzb/lYNmVB3SpL+ZA1sK0UeX2W+DM284B0ATMhtTiILIv4wFYTbAe37pMapJP2jc7zLMJ3yIBorJfZsJxQ==",
      "requires": {
        "@formkit/core": "1.0.0-beta.10-b8cab8f",
        "@formkit/observer": "1.0.0-beta.10-b8cab8f"
      }
    },
    "@formkit/vue": {
      "version": "1.0.0-beta.10-b8cab8f",
      "resolved": "https://registry.npmjs.org/@formkit/vue/-/vue-1.0.0-beta.10-b8cab8f.tgz",
      "integrity": "sha512-ztITatZw0DVH/kh3bs2sBnYighLJ6YfMNhl/sMMQpiv1N4bWfpwDaxRqrvWaZcvbc5CpK8p+0Gs9Dumz6sL99g==",
      "requires": {
        "@formkit/core": "1.0.0-beta.10-b8cab8f",
        "@formkit/dev": "1.0.0-beta.10-b8cab8f",
        "@formkit/i18n": "1.0.0-beta.10-b8cab8f",
        "@formkit/inputs": "1.0.0-beta.10-b8cab8f",
        "@formkit/observer": "1.0.0-beta.10-b8cab8f",
        "@formkit/rules": "1.0.0-beta.10-b8cab8f",
        "@formkit/themes": "1.0.0-beta.10-b8cab8f",
        "@formkit/utils": "1.0.0-beta.10-b8cab8f",
        "@formkit/validation": "1.0.0-beta.10-b8cab8f"
      }
    },
    "@vitejs/plugin-vue": {
      "version": "1.10.2",
      "resolved": "https://registry.npmjs.org/@vitejs/plugin-vue/-/plugin-vue-1.10.2.tgz",
      "integrity": "sha512-/QJ0Z9qfhAFtKRY+r57ziY4BSbGUTGsPRMpB/Ron3QPwBZM4OZAZHdTa4a8PafCwU5DTatXG8TMDoP8z+oDqJw==",
      "dev": true
    },
    "@vue/compiler-core": {
      "version": "3.2.37",
      "resolved": "https://registry.npmjs.org/@vue/compiler-core/-/compiler-core-3.2.37.tgz",
      "integrity": "sha512-81KhEjo7YAOh0vQJoSmAD68wLfYqJvoiD4ulyedzF+OEk/bk6/hx3fTNVfuzugIIaTrOx4PGx6pAiBRe5e9Zmg==",
      "requires": {
        "@babel/parser": "^7.16.4",
        "@vue/shared": "3.2.37",
        "estree-walker": "^2.0.2",
        "source-map": "^0.6.1"
      }
    },
    "@vue/compiler-dom": {
      "version": "3.2.37",
      "resolved": "https://registry.npmjs.org/@vue/compiler-dom/-/compiler-dom-3.2.37.tgz",
      "integrity": "sha512-yxJLH167fucHKxaqXpYk7x8z7mMEnXOw3G2q62FTkmsvNxu4FQSu5+3UMb+L7fjKa26DEzhrmCxAgFLLIzVfqQ==",
      "requires": {
        "@vue/compiler-core": "3.2.37",
        "@vue/shared": "3.2.37"
      }
    },
    "@vue/compiler-sfc": {
      "version": "3.2.37",
      "resolved": "https://registry.npmjs.org/@vue/compiler-sfc/-/compiler-sfc-3.2.37.tgz",
      "integrity": "sha512-+7i/2+9LYlpqDv+KTtWhOZH+pa8/HnX/905MdVmAcI/mPQOBwkHHIzrsEsucyOIZQYMkXUiTkmZq5am/NyXKkg==",
      "requires": {
        "@babel/parser": "^7.16.4",
        "@vue/compiler-core": "3.2.37",
        "@vue/compiler-dom": "3.2.37",
        "@vue/compiler-ssr": "3.2.37",
        "@vue/reactivity-transform": "3.2.37",
        "@vue/shared": "3.2.37",
        "estree-walker": "^2.0.2",
        "magic-string": "^0.25.7",
        "postcss": "^8.1.10",
        "source-map": "^0.6.1"
      }
    },
    "@vue/compiler-ssr": {
      "version": "3.2.37",
      "resolved": "https://registry.npmjs.org/@vue/compiler-ssr/-/compiler-ssr-3.2.37.tgz",
      "integrity": "sha512-7mQJD7HdXxQjktmsWp/J67lThEIcxLemz1Vb5I6rYJHR5vI+lON3nPGOH3ubmbvYGt8xEUaAr1j7/tIFWiEOqw==",
      "requires": {
        "@vue/compiler-dom": "3.2.37",
        "@vue/shared": "3.2.37"
      }
    },
    "@vue/reactivity": {
      "version": "3.2.37",
      "resolved": "https://registry.npmjs.org/@vue/reactivity/-/reactivity-3.2.37.tgz",
      "integrity": "sha512-/7WRafBOshOc6m3F7plwzPeCu/RCVv9uMpOwa/5PiY1Zz+WLVRWiy0MYKwmg19KBdGtFWsmZ4cD+LOdVPcs52A==",
      "requires": {
        "@vue/shared": "3.2.37"
      }
    },
    "@vue/reactivity-transform": {
      "version": "3.2.37",
      "resolved": "https://registry.npmjs.org/@vue/reactivity-transform/-/reactivity-transform-3.2.37.tgz",
      "integrity": "sha512-IWopkKEb+8qpu/1eMKVeXrK0NLw9HicGviJzhJDEyfxTR9e1WtpnnbYkJWurX6WwoFP0sz10xQg8yL8lgskAZg==",
      "requires": {
        "@babel/parser": "^7.16.4",
        "@vue/compiler-core": "3.2.37",
        "@vue/shared": "3.2.37",
        "estree-walker": "^2.0.2",
        "magic-string": "^0.25.7"
      }
    },
    "@vue/runtime-core": {
      "version": "3.2.37",
      "resolved": "https://registry.npmjs.org/@vue/runtime-core/-/runtime-core-3.2.37.tgz",
      "integrity": "sha512-JPcd9kFyEdXLl/i0ClS7lwgcs0QpUAWj+SKX2ZC3ANKi1U4DOtiEr6cRqFXsPwY5u1L9fAjkinIdB8Rz3FoYNQ==",
      "requires": {
        "@vue/reactivity": "3.2.37",
        "@vue/shared": "3.2.37"
      }
    },
    "@vue/runtime-dom": {
      "version": "3.2.37",
      "resolved": "https://registry.npmjs.org/@vue/runtime-dom/-/runtime-dom-3.2.37.tgz",
      "integrity": "sha512-HimKdh9BepShW6YozwRKAYjYQWg9mQn63RGEiSswMbW+ssIht1MILYlVGkAGGQbkhSh31PCdoUcfiu4apXJoPw==",
      "requires": {
        "@vue/runtime-core": "3.2.37",
        "@vue/shared": "3.2.37",
        "csstype": "^2.6.8"
      }
    },
    "@vue/server-renderer": {
      "version": "3.2.37",
      "resolved": "https://registry.npmjs.org/@vue/server-renderer/-/server-renderer-3.2.37.tgz",
      "integrity": "sha512-kLITEJvaYgZQ2h47hIzPh2K3jG8c1zCVbp/o/bzQOyvzaKiCquKS7AaioPI28GNxIsE/zSx+EwWYsNxDCX95MA==",
      "requires": {
        "@vue/compiler-ssr": "3.2.37",
        "@vue/shared": "3.2.37"
      }
    },
    "@vue/shared": {
      "version": "3.2.37",
      "resolved": "https://registry.npmjs.org/@vue/shared/-/shared-3.2.37.tgz",
      "integrity": "sha512-4rSJemR2NQIo9Klm1vabqWjD8rs/ZaJSzMxkMNeJS6lHiUjjUeYFbooN19NgFjztubEKh3WlZUeOLVdbbUWHsw=="
    },
    "autoprefixer": {
      "version": "10.4.7",
      "resolved": "https://registry.npmjs.org/autoprefixer/-/autoprefixer-10.4.7.tgz",
      "integrity": "sha512-ypHju4Y2Oav95SipEcCcI5J7CGPuvz8oat7sUtYj3ClK44bldfvtvcxK6IEK++7rqB7YchDGzweZIBG+SD0ZAA==",
      "dev": true,
      "requires": {
        "browserslist": "^4.20.3",
        "caniuse-lite": "^1.0.30001335",
        "fraction.js": "^4.2.0",
        "normalize-range": "^0.1.2",
        "picocolors": "^1.0.0",
        "postcss-value-parser": "^4.2.0"
      }
    },
    "browserslist": {
      "version": "4.21.0",
      "resolved": "https://registry.npmjs.org/browserslist/-/browserslist-4.21.0.tgz",
      "integrity": "sha512-UQxE0DIhRB5z/zDz9iA03BOfxaN2+GQdBYH/2WrSIWEUrnpzTPJbhqt+umq6r3acaPRTW1FNTkrcp0PXgtFkvA==",
      "dev": true,
      "requires": {
        "caniuse-lite": "^1.0.30001358",
        "electron-to-chromium": "^1.4.164",
        "node-releases": "^2.0.5",
        "update-browserslist-db": "^1.0.0"
      }
    },
    "caniuse-lite": {
      "version": "1.0.30001359",
      "resolved": "https://registry.npmjs.org/caniuse-lite/-/caniuse-lite-1.0.30001359.tgz",
      "integrity": "sha512-Xln/BAsPzEuiVLgJ2/45IaqD9jShtk3Y33anKb4+yLwQzws3+v6odKfpgES/cDEaZMLzSChpIGdbOYtH9MyuHw==",
      "dev": true
    },
    "css-blank-pseudo": {
      "version": "3.0.3",
      "resolved": "https://registry.npmjs.org/css-blank-pseudo/-/css-blank-pseudo-3.0.3.tgz",
      "integrity": "sha512-VS90XWtsHGqoM0t4KpH053c4ehxZ2E6HtGI7x68YFV0pTo/QmkV/YFA+NnlvK8guxZVNWGQhVNJGC39Q8XF4OQ==",
      "dev": true,
      "requires": {
        "postcss-selector-parser": "^6.0.9"
      }
    },
    "css-has-pseudo": {
      "version": "3.0.4",
      "resolved": "https://registry.npmjs.org/css-has-pseudo/-/css-has-pseudo-3.0.4.tgz",
      "integrity": "sha512-Vse0xpR1K9MNlp2j5w1pgWIJtm1a8qS0JwS9goFYcImjlHEmywP9VUF05aGBXzGpDJF86QXk4L0ypBmwPhGArw==",
      "dev": true,
      "requires": {
        "postcss-selector-parser": "^6.0.9"
      }
    },
    "css-prefers-color-scheme": {
      "version": "6.0.3",
      "resolved": "https://registry.npmjs.org/css-prefers-color-scheme/-/css-prefers-color-scheme-6.0.3.tgz",
      "integrity": "sha512-4BqMbZksRkJQx2zAjrokiGMd07RqOa2IxIrrN10lyBe9xhn9DEvjUK79J6jkeiv9D9hQFXKb6g1jwU62jziJZA==",
      "dev": true
    },
    "cssdb": {
      "version": "6.6.3",
      "resolved": "https://registry.npmjs.org/cssdb/-/cssdb-6.6.3.tgz",
      "integrity": "sha512-7GDvDSmE+20+WcSMhP17Q1EVWUrLlbxxpMDqG731n8P99JhnQZHR9YvtjPvEHfjFUjvQJvdpKCjlKOX+xe4UVA==",
      "dev": true
    },
    "cssesc": {
      "version": "3.0.0",
      "resolved": "https://registry.npmjs.org/cssesc/-/cssesc-3.0.0.tgz",
      "integrity": "sha512-/Tb/JcjK111nNScGob5MNtsntNM1aCNUDipB/TkwZFhyDrrE47SOx/18wF2bbjgc3ZzCSKW1T5nt5EbFoAz/Vg==",
      "dev": true
    },
    "csstype": {
      "version": "2.6.20",
      "resolved": "https://registry.npmjs.org/csstype/-/csstype-2.6.20.tgz",
      "integrity": "sha512-/WwNkdXfckNgw6S5R125rrW8ez139lBHWouiBvX8dfMFtcn6V81REDqnH7+CRpRipfYlyU1CmOnOxrmGcFOjeA=="
    },
    "electron-to-chromium": {
      "version": "1.4.171",
      "resolved": "https://registry.npmjs.org/electron-to-chromium/-/electron-to-chromium-1.4.171.tgz",
      "integrity": "sha512-DmVNWJlGfCYtdgyxp24Aznd7Ou6a+XBSawxODh4lc39OHdh1a49Sitw8oxwMqzzm8n9m2P93OelvIF09SOTNwA==",
      "dev": true
    },
    "esbuild": {
      "version": "0.14.47",
      "resolved": "https://registry.npmjs.org/esbuild/-/esbuild-0.14.47.tgz",
      "integrity": "sha512-wI4ZiIfFxpkuxB8ju4MHrGwGLyp1+awEHAHVpx6w7a+1pmYIq8T9FGEVVwFo0iFierDoMj++Xq69GXWYn2EiwA==",
      "dev": true,
      "requires": {
        "esbuild-android-64": "0.14.47",
        "esbuild-android-arm64": "0.14.47",
        "esbuild-darwin-64": "0.14.47",
        "esbuild-darwin-arm64": "0.14.47",
        "esbuild-freebsd-64": "0.14.47",
        "esbuild-freebsd-arm64": "0.14.47",
        "esbuild-linux-32": "0.14.47",
        "esbuild-linux-64": "0.14.47",
        "esbuild-linux-arm": "0.14.47",
        "esbuild-linux-arm64": "0.14.47",
        "esbuild-linux-mips64le": "0.14.47",
        "esbuild-linux-ppc64le": "0.14.47",
        "esbuild-linux-riscv64": "0.14.47",
        "esbuild-linux-s390x": "0.14.47",
        "esbuild-netbsd-64": "0.14.47",
        "esbuild-openbsd-64": "0.14.47",
        "esbuild-sunos-64": "0.14.47",
        "esbuild-windows-32": "0.14.47",
        "esbuild-windows-64": "0.14.47",
        "esbuild-windows-arm64": "0.14.47"
      }
    },
    "esbuild-android-64": {
      "version": "0.14.47",
      "resolved": "https://registry.npmjs.org/esbuild-android-64/-/esbuild-android-64-0.14.47.tgz",
      "integrity": "sha512-R13Bd9+tqLVFndncMHssZrPWe6/0Kpv2/dt4aA69soX4PRxlzsVpCvoJeFE8sOEoeVEiBkI0myjlkDodXlHa0g==",
      "dev": true,
      "optional": true
    },
    "esbuild-android-arm64": {
      "version": "0.14.47",
      "resolved": "https://registry.npmjs.org/esbuild-android-arm64/-/esbuild-android-arm64-0.14.47.tgz",
      "integrity": "sha512-OkwOjj7ts4lBp/TL6hdd8HftIzOy/pdtbrNA4+0oVWgGG64HrdVzAF5gxtJufAPOsEjkyh1oIYvKAUinKKQRSQ==",
      "dev": true,
      "optional": true
    },
    "esbuild-darwin-64": {
      "version": "0.14.47",
      "resolved": "https://registry.npmjs.org/esbuild-darwin-64/-/esbuild-darwin-64-0.14.47.tgz",
      "integrity": "sha512-R6oaW0y5/u6Eccti/TS6c/2c1xYTb1izwK3gajJwi4vIfNs1s8B1dQzI1UiC9T61YovOQVuePDcfqHLT3mUZJA==",
      "dev": true,
      "optional": true
    },
    "esbuild-darwin-arm64": {
      "version": "0.14.47",
      "resolved": "https://registry.npmjs.org/esbuild-darwin-arm64/-/esbuild-darwin-arm64-0.14.47.tgz",
      "integrity": "sha512-seCmearlQyvdvM/noz1L9+qblC5vcBrhUaOoLEDDoLInF/VQ9IkobGiLlyTPYP5dW1YD4LXhtBgOyevoIHGGnw==",
      "dev": true,
      "optional": true
    },
    "esbuild-freebsd-64": {
      "version": "0.14.47",
      "resolved": "https://registry.npmjs.org/esbuild-freebsd-64/-/esbuild-freebsd-64-0.14.47.tgz",
      "integrity": "sha512-ZH8K2Q8/Ux5kXXvQMDsJcxvkIwut69KVrYQhza/ptkW50DC089bCVrJZZ3sKzIoOx+YPTrmsZvqeZERjyYrlvQ==",
      "dev": true,
      "optional": true
    },
    "esbuild-freebsd-arm64": {
      "version": "0.14.47",
      "resolved": "https://registry.npmjs.org/esbuild-freebsd-arm64/-/esbuild-freebsd-arm64-0.14.47.tgz",
      "integrity": "sha512-ZJMQAJQsIOhn3XTm7MPQfCzEu5b9STNC+s90zMWe2afy9EwnHV7Ov7ohEMv2lyWlc2pjqLW8QJnz2r0KZmeAEQ==",
      "dev": true,
      "optional": true
    },
    "esbuild-linux-32": {
      "version": "0.14.47",
      "resolved": "https://registry.npmjs.org/esbuild-linux-32/-/esbuild-linux-32-0.14.47.tgz",
      "integrity": "sha512-FxZOCKoEDPRYvq300lsWCTv1kcHgiiZfNrPtEhFAiqD7QZaXrad8LxyJ8fXGcWzIFzRiYZVtB3ttvITBvAFhKw==",
      "dev": true,
      "optional": true
    },
    "esbuild-linux-64": {
      "version": "0.14.47",
      "resolved": "https://registry.npmjs.org/esbuild-linux-64/-/esbuild-linux-64-0.14.47.tgz",
      "integrity": "sha512-nFNOk9vWVfvWYF9YNYksZptgQAdstnDCMtR6m42l5Wfugbzu11VpMCY9XrD4yFxvPo9zmzcoUL/88y0lfJZJJw==",
      "dev": true,
      "optional": true
    },
    "esbuild-linux-arm": {
      "version": "0.14.47",
      "resolved": "https://registry.npmjs.org/esbuild-linux-arm/-/esbuild-linux-arm-0.14.47.tgz",
      "integrity": "sha512-ZGE1Bqg/gPRXrBpgpvH81tQHpiaGxa8c9Rx/XOylkIl2ypLuOcawXEAo8ls+5DFCcRGt/o3sV+PzpAFZobOsmA==",
      "dev": true,
      "optional": true
    },
    "esbuild-linux-arm64": {
      "version": "0.14.47",
      "resolved": "https://registry.npmjs.org/esbuild-linux-arm64/-/esbuild-linux-arm64-0.14.47.tgz",
      "integrity": "sha512-ywfme6HVrhWcevzmsufjd4iT3PxTfCX9HOdxA7Hd+/ZM23Y9nXeb+vG6AyA6jgq/JovkcqRHcL9XwRNpWG6XRw==",
      "dev": true,
      "optional": true
    },
    "esbuild-linux-mips64le": {
      "version": "0.14.47",
      "resolved": "https://registry.npmjs.org/esbuild-linux-mips64le/-/esbuild-linux-mips64le-0.14.47.tgz",
      "integrity": "sha512-mg3D8YndZ1LvUiEdDYR3OsmeyAew4MA/dvaEJxvyygahWmpv1SlEEnhEZlhPokjsUMfRagzsEF/d/2XF+kTQGg==",
      "dev": true,
      "optional": true
    },
    "esbuild-linux-ppc64le": {
      "version": "0.14.47",
      "resolved": "https://registry.npmjs.org/esbuild-linux-ppc64le/-/esbuild-linux-ppc64le-0.14.47.tgz",
      "integrity": "sha512-WER+f3+szmnZiWoK6AsrTKGoJoErG2LlauSmk73LEZFQ/iWC+KhhDsOkn1xBUpzXWsxN9THmQFltLoaFEH8F8w==",
      "dev": true,
      "optional": true
    },
    "esbuild-linux-riscv64": {
      "version": "0.14.47",
      "resolved": "https://registry.npmjs.org/esbuild-linux-riscv64/-/esbuild-linux-riscv64-0.14.47.tgz",
      "integrity": "sha512-1fI6bP3A3rvI9BsaaXbMoaOjLE3lVkJtLxsgLHqlBhLlBVY7UqffWBvkrX/9zfPhhVMd9ZRFiaqXnB1T7BsL2g==",
      "dev": true,
      "optional": true
    },
    "esbuild-linux-s390x": {
      "version": "0.14.47",
      "resolved": "https://registry.npmjs.org/esbuild-linux-s390x/-/esbuild-linux-s390x-0.14.47.tgz",
      "integrity": "sha512-eZrWzy0xFAhki1CWRGnhsHVz7IlSKX6yT2tj2Eg8lhAwlRE5E96Hsb0M1mPSE1dHGpt1QVwwVivXIAacF/G6mw==",
      "dev": true,
      "optional": true
    },
    "esbuild-netbsd-64": {
      "version": "0.14.47",
      "resolved": "https://registry.npmjs.org/esbuild-netbsd-64/-/esbuild-netbsd-64-0.14.47.tgz",
      "integrity": "sha512-Qjdjr+KQQVH5Q2Q1r6HBYswFTToPpss3gqCiSw2Fpq/ua8+eXSQyAMG+UvULPqXceOwpnPo4smyZyHdlkcPppQ==",
      "dev": true,
      "optional": true
    },
    "esbuild-openbsd-64": {
      "version": "0.14.47",
      "resolved": "https://registry.npmjs.org/esbuild-openbsd-64/-/esbuild-openbsd-64-0.14.47.tgz",
      "integrity": "sha512-QpgN8ofL7B9z8g5zZqJE+eFvD1LehRlxr25PBkjyyasakm4599iroUpaj96rdqRlO2ShuyqwJdr+oNqWwTUmQw==",
      "dev": true,
      "optional": true
    },
    "esbuild-sunos-64": {
      "version": "0.14.47",
      "resolved": "https://registry.npmjs.org/esbuild-sunos-64/-/esbuild-sunos-64-0.14.47.tgz",
      "integrity": "sha512-uOeSgLUwukLioAJOiGYm3kNl+1wJjgJA8R671GYgcPgCx7QR73zfvYqXFFcIO93/nBdIbt5hd8RItqbbf3HtAQ==",
      "dev": true,
      "optional": true
    },
    "esbuild-windows-32": {
      "version": "0.14.47",
      "resolved": "https://registry.npmjs.org/esbuild-windows-32/-/esbuild-windows-32-0.14.47.tgz",
      "integrity": "sha512-H0fWsLTp2WBfKLBgwYT4OTfFly4Im/8B5f3ojDv1Kx//kiubVY0IQunP2Koc/fr/0wI7hj3IiBDbSrmKlrNgLQ==",
      "dev": true,
      "optional": true
    },
    "esbuild-windows-64": {
      "version": "0.14.47",
      "resolved": "https://registry.npmjs.org/esbuild-windows-64/-/esbuild-windows-64-0.14.47.tgz",
      "integrity": "sha512-/Pk5jIEH34T68r8PweKRi77W49KwanZ8X6lr3vDAtOlH5EumPE4pBHqkCUdELanvsT14yMXLQ/C/8XPi1pAtkQ==",
      "dev": true,
      "optional": true
    },
    "esbuild-windows-arm64": {
      "version": "0.14.47",
      "resolved": "https://registry.npmjs.org/esbuild-windows-arm64/-/esbuild-windows-arm64-0.14.47.tgz",
      "integrity": "sha512-HFSW2lnp62fl86/qPQlqw6asIwCnEsEoNIL1h2uVMgakddf+vUuMcCbtUY1i8sst7KkgHrVKCJQB33YhhOweCQ==",
      "dev": true,
      "optional": true
    },
    "escalade": {
      "version": "3.1.1",
      "resolved": "https://registry.npmjs.org/escalade/-/escalade-3.1.1.tgz",
      "integrity": "sha512-k0er2gUkLf8O0zKJiAhmkTnJlTvINGv7ygDNPbeIsX/TJjGJZHuh9B2UxbsaEkmlEo9MfhrSzmhIlhRlI2GXnw==",
      "dev": true
    },
    "estree-walker": {
      "version": "2.0.2",
      "resolved": "https://registry.npmjs.org/estree-walker/-/estree-walker-2.0.2.tgz",
      "integrity": "sha512-Rfkk/Mp/DL7JVje3u18FxFujQlTNR2q6QfMSMB7AvCBx91NGj/ba3kCfza0f6dVDbw7YlRf/nDrn7pQrCCyQ/w=="
    },
    "fraction.js": {
      "version": "4.2.0",
      "resolved": "https://registry.npmjs.org/fraction.js/-/fraction.js-4.2.0.tgz",
      "integrity": "sha512-MhLuK+2gUcnZe8ZHlaaINnQLl0xRIGRfcGk2yl8xoQAfHrSsL3rYu6FCmBdkdbhc9EPlwyGHewaRsvwRMJtAlA==",
      "dev": true
    },
    "fsevents": {
      "version": "2.3.2",
      "resolved": "https://registry.npmjs.org/fsevents/-/fsevents-2.3.2.tgz",
      "integrity": "sha512-xiqMQR4xAeHTuB9uWm+fFRcIOgKBMiOBP+eXiyT7jsgVCq1bkVygt00oASowB7EdtpOHaaPgKt812P9ab+DDKA==",
      "dev": true,
      "optional": true
    },
    "function-bind": {
      "version": "1.1.1",
      "resolved": "https://registry.npmjs.org/function-bind/-/function-bind-1.1.1.tgz",
      "integrity": "sha512-yIovAzMX49sF8Yl58fSCWJ5svSLuaibPxXQJFLmBObTuCr0Mf1KiPopGM9NiFjiYBCbfaa2Fh6breQ6ANVTI0A==",
      "dev": true
    },
    "has": {
      "version": "1.0.3",
      "resolved": "https://registry.npmjs.org/has/-/has-1.0.3.tgz",
      "integrity": "sha512-f2dvO0VU6Oej7RkWJGrehjbzMAjFp5/VKPp5tTpWIV4JHHZK1/BxbFRtf/siA2SWTe09caDmVtYYzWEIbBS4zw==",
      "dev": true,
      "requires": {
        "function-bind": "^1.1.1"
      }
    },
    "is-core-module": {
      "version": "2.9.0",
      "resolved": "https://registry.npmjs.org/is-core-module/-/is-core-module-2.9.0.tgz",
      "integrity": "sha512-+5FPy5PnwmO3lvfMb0AsoPaBG+5KHUI0wYFXOtYPnVVVspTFUuMZNfNaNVRt3FZadstu2c8x23vykRW/NBoU6A==",
      "dev": true,
      "requires": {
        "has": "^1.0.3"
      }
    },
    "magic-string": {
      "version": "0.25.9",
      "resolved": "https://registry.npmjs.org/magic-string/-/magic-string-0.25.9.tgz",
      "integrity": "sha512-RmF0AsMzgt25qzqqLc1+MbHmhdx0ojF2Fvs4XnOqz2ZOBXzzkEwc/dJQZCYHAn7v1jbVOjAZfK8msRn4BxO4VQ==",
      "requires": {
        "sourcemap-codec": "^1.4.8"
      }
    },
    "nanoid": {
      "version": "3.3.4",
      "resolved": "https://registry.npmjs.org/nanoid/-/nanoid-3.3.4.tgz",
      "integrity": "sha512-MqBkQh/OHTS2egovRtLk45wEyNXwF+cokD+1YPf9u5VfJiRdAiRwB2froX5Co9Rh20xs4siNPm8naNotSD6RBw=="
    },
    "node-releases": {
      "version": "2.0.5",
      "resolved": "https://registry.npmjs.org/node-releases/-/node-releases-2.0.5.tgz",
      "integrity": "sha512-U9h1NLROZTq9uE1SNffn6WuPDg8icmi3ns4rEl/oTfIle4iLjTliCzgTsbaIFMq/Xn078/lfY/BL0GWZ+psK4Q==",
      "dev": true
    },
    "normalize-range": {
      "version": "0.1.2",
      "resolved": "https://registry.npmjs.org/normalize-range/-/normalize-range-0.1.2.tgz",
      "integrity": "sha512-bdok/XvKII3nUpklnV6P2hxtMNrCboOjAcyBuQnWEhO665FwrSNRxU+AqpsyvO6LgGYPspN+lu5CLtw4jPRKNA==",
      "dev": true
    },
    "path-parse": {
      "version": "1.0.7",
      "resolved": "https://registry.npmjs.org/path-parse/-/path-parse-1.0.7.tgz",
      "integrity": "sha512-LDJzPVEEEPR+y48z93A0Ed0yXb8pAByGWo/k5YYdYgpY2/2EsOsksJrq7lOHxryrVOn1ejG6oAp8ahvOIQD8sw==",
      "dev": true
    },
    "picocolors": {
      "version": "1.0.0",
      "resolved": "https://registry.npmjs.org/picocolors/-/picocolors-1.0.0.tgz",
      "integrity": "sha512-1fygroTLlHu66zi26VoTDv8yRgm0Fccecssto+MhsZ0D/DGW2sm8E8AjW7NU5VVTRt5GxbeZ5qBuJr+HyLYkjQ=="
    },
    "postcss": {
      "version": "8.4.14",
      "resolved": "https://registry.npmjs.org/postcss/-/postcss-8.4.14.tgz",
      "integrity": "sha512-E398TUmfAYFPBSdzgeieK2Y1+1cpdxJx8yXbK/m57nRhKSmk1GB2tO4lbLBtlkfPQTDKfe4Xqv1ASWPpayPEig==",
      "requires": {
        "nanoid": "^3.3.4",
        "picocolors": "^1.0.0",
        "source-map-js": "^1.0.2"
      }
    },
    "postcss-attribute-case-insensitive": {
      "version": "5.0.1",
      "resolved": "https://registry.npmjs.org/postcss-attribute-case-insensitive/-/postcss-attribute-case-insensitive-5.0.1.tgz",
      "integrity": "sha512-wrt2VndqSLJpyBRNz9OmJcgnhI9MaongeWgapdBuUMu2a/KNJ8SENesG4SdiTnQwGO9b1VKbTWYAfCPeokLqZQ==",
      "dev": true,
      "requires": {
        "postcss-selector-parser": "^6.0.10"
      }
    },
    "postcss-clamp": {
      "version": "4.1.0",
      "resolved": "https://registry.npmjs.org/postcss-clamp/-/postcss-clamp-4.1.0.tgz",
      "integrity": "sha512-ry4b1Llo/9zz+PKC+030KUnPITTJAHeOwjfAyyB60eT0AorGLdzp52s31OsPRHRf8NchkgFoG2y6fCfn1IV1Ow==",
      "dev": true,
      "requires": {
        "postcss-value-parser": "^4.2.0"
      }
    },
    "postcss-color-functional-notation": {
      "version": "4.2.3",
      "resolved": "https://registry.npmjs.org/postcss-color-functional-notation/-/postcss-color-functional-notation-4.2.3.tgz",
      "integrity": "sha512-5fbr6FzFzjwHXKsVnkmEYrJYG8VNNzvD1tAXaPPWR97S6rhKI5uh2yOfV5TAzhDkZoq4h+chxEplFDc8GeyFtw==",
      "dev": true,
      "requires": {
        "postcss-value-parser": "^4.2.0"
      }
    },
    "postcss-color-hex-alpha": {
      "version": "8.0.4",
      "resolved": "https://registry.npmjs.org/postcss-color-hex-alpha/-/postcss-color-hex-alpha-8.0.4.tgz",
      "integrity": "sha512-nLo2DCRC9eE4w2JmuKgVA3fGL3d01kGq752pVALF68qpGLmx2Qrk91QTKkdUqqp45T1K1XV8IhQpcu1hoAQflQ==",
      "dev": true,
      "requires": {
        "postcss-value-parser": "^4.2.0"
      }
    },
    "postcss-color-rebeccapurple": {
      "version": "7.1.0",
      "resolved": "https://registry.npmjs.org/postcss-color-rebeccapurple/-/postcss-color-rebeccapurple-7.1.0.tgz",
      "integrity": "sha512-1jtE5AKnZcKq4pjOrltFHcbEM2/IvtbD1OdhZ/wqds18//bh0UmQkffcCkzDJU+/vGodfIsVQeKn+45CJvX9Bw==",
      "dev": true,
      "requires": {
        "postcss-value-parser": "^4.2.0"
      }
    },
    "postcss-custom-media": {
      "version": "8.0.2",
      "resolved": "https://registry.npmjs.org/postcss-custom-media/-/postcss-custom-media-8.0.2.tgz",
      "integrity": "sha512-7yi25vDAoHAkbhAzX9dHx2yc6ntS4jQvejrNcC+csQJAXjj15e7VcWfMgLqBNAbOvqi5uIa9huOVwdHbf+sKqg==",
      "dev": true,
      "requires": {
        "postcss-value-parser": "^4.2.0"
      }
    },
    "postcss-custom-properties": {
      "version": "12.1.8",
      "resolved": "https://registry.npmjs.org/postcss-custom-properties/-/postcss-custom-properties-12.1.8.tgz",
      "integrity": "sha512-8rbj8kVu00RQh2fQF81oBqtduiANu4MIxhyf0HbbStgPtnFlWn0yiaYTpLHrPnJbffVY1s9apWsIoVZcc68FxA==",
      "dev": true,
      "requires": {
        "postcss-value-parser": "^4.2.0"
      }
    },
    "postcss-custom-selectors": {
      "version": "6.0.3",
      "resolved": "https://registry.npmjs.org/postcss-custom-selectors/-/postcss-custom-selectors-6.0.3.tgz",
      "integrity": "sha512-fgVkmyiWDwmD3JbpCmB45SvvlCD6z9CG6Ie6Iere22W5aHea6oWa7EM2bpnv2Fj3I94L3VbtvX9KqwSi5aFzSg==",
      "dev": true,
      "requires": {
        "postcss-selector-parser": "^6.0.4"
      }
    },
    "postcss-dir-pseudo-class": {
      "version": "6.0.4",
      "resolved": "https://registry.npmjs.org/postcss-dir-pseudo-class/-/postcss-dir-pseudo-class-6.0.4.tgz",
      "integrity": "sha512-I8epwGy5ftdzNWEYok9VjW9whC4xnelAtbajGv4adql4FIF09rnrxnA9Y8xSHN47y7gqFIv10C5+ImsLeJpKBw==",
      "dev": true,
      "requires": {
        "postcss-selector-parser": "^6.0.9"
      }
    },
    "postcss-double-position-gradients": {
      "version": "3.1.1",
      "resolved": "https://registry.npmjs.org/postcss-double-position-gradients/-/postcss-double-position-gradients-3.1.1.tgz",
      "integrity": "sha512-jM+CGkTs4FcG53sMPjrrGE0rIvLDdCrqMzgDC5fLI7JHDO7o6QG8C5TQBtExb13hdBdoH9C2QVbG4jo2y9lErQ==",
      "dev": true,
      "requires": {
        "@csstools/postcss-progressive-custom-properties": "^1.1.0",
        "postcss-value-parser": "^4.2.0"
      }
    },
    "postcss-env-function": {
      "version": "4.0.6",
      "resolved": "https://registry.npmjs.org/postcss-env-function/-/postcss-env-function-4.0.6.tgz",
      "integrity": "sha512-kpA6FsLra+NqcFnL81TnsU+Z7orGtDTxcOhl6pwXeEq1yFPpRMkCDpHhrz8CFQDr/Wfm0jLiNQ1OsGGPjlqPwA==",
      "dev": true,
      "requires": {
        "postcss-value-parser": "^4.2.0"
      }
    },
    "postcss-focus-visible": {
      "version": "6.0.4",
      "resolved": "https://registry.npmjs.org/postcss-focus-visible/-/postcss-focus-visible-6.0.4.tgz",
      "integrity": "sha512-QcKuUU/dgNsstIK6HELFRT5Y3lbrMLEOwG+A4s5cA+fx3A3y/JTq3X9LaOj3OC3ALH0XqyrgQIgey/MIZ8Wczw==",
      "dev": true,
      "requires": {
        "postcss-selector-parser": "^6.0.9"
      }
    },
    "postcss-focus-within": {
      "version": "5.0.4",
      "resolved": "https://registry.npmjs.org/postcss-focus-within/-/postcss-focus-within-5.0.4.tgz",
      "integrity": "sha512-vvjDN++C0mu8jz4af5d52CB184ogg/sSxAFS+oUJQq2SuCe7T5U2iIsVJtsCp2d6R4j0jr5+q3rPkBVZkXD9fQ==",
      "dev": true,
      "requires": {
        "postcss-selector-parser": "^6.0.9"
      }
    },
    "postcss-font-variant": {
      "version": "5.0.0",
      "resolved": "https://registry.npmjs.org/postcss-font-variant/-/postcss-font-variant-5.0.0.tgz",
      "integrity": "sha512-1fmkBaCALD72CK2a9i468mA/+tr9/1cBxRRMXOUaZqO43oWPR5imcyPjXwuv7PXbCid4ndlP5zWhidQVVa3hmA==",
      "dev": true
    },
    "postcss-gap-properties": {
      "version": "3.0.3",
      "resolved": "https://registry.npmjs.org/postcss-gap-properties/-/postcss-gap-properties-3.0.3.tgz",
      "integrity": "sha512-rPPZRLPmEKgLk/KlXMqRaNkYTUpE7YC+bOIQFN5xcu1Vp11Y4faIXv6/Jpft6FMnl6YRxZqDZG0qQOW80stzxQ==",
      "dev": true
    },
    "postcss-image-set-function": {
      "version": "4.0.6",
      "resolved": "https://registry.npmjs.org/postcss-image-set-function/-/postcss-image-set-function-4.0.6.tgz",
      "integrity": "sha512-KfdC6vg53GC+vPd2+HYzsZ6obmPqOk6HY09kttU19+Gj1nC3S3XBVEXDHxkhxTohgZqzbUb94bKXvKDnYWBm/A==",
      "dev": true,
      "requires": {
        "postcss-value-parser": "^4.2.0"
      }
    },
    "postcss-initial": {
      "version": "4.0.1",
      "resolved": "https://registry.npmjs.org/postcss-initial/-/postcss-initial-4.0.1.tgz",
      "integrity": "sha512-0ueD7rPqX8Pn1xJIjay0AZeIuDoF+V+VvMt/uOnn+4ezUKhZM/NokDeP6DwMNyIoYByuN/94IQnt5FEkaN59xQ==",
      "dev": true
    },
    "postcss-lab-function": {
      "version": "4.2.0",
      "resolved": "https://registry.npmjs.org/postcss-lab-function/-/postcss-lab-function-4.2.0.tgz",
      "integrity": "sha512-Zb1EO9DGYfa3CP8LhINHCcTTCTLI+R3t7AX2mKsDzdgVQ/GkCpHOTgOr6HBHslP7XDdVbqgHW5vvRPMdVANQ8w==",
      "dev": true,
      "requires": {
        "@csstools/postcss-progressive-custom-properties": "^1.1.0",
        "postcss-value-parser": "^4.2.0"
      }
    },
    "postcss-logical": {
      "version": "5.0.4",
      "resolved": "https://registry.npmjs.org/postcss-logical/-/postcss-logical-5.0.4.tgz",
      "integrity": "sha512-RHXxplCeLh9VjinvMrZONq7im4wjWGlRJAqmAVLXyZaXwfDWP73/oq4NdIp+OZwhQUMj0zjqDfM5Fj7qby+B4g==",
      "dev": true
    },
    "postcss-media-minmax": {
      "version": "5.0.0",
      "resolved": "https://registry.npmjs.org/postcss-media-minmax/-/postcss-media-minmax-5.0.0.tgz",
      "integrity": "sha512-yDUvFf9QdFZTuCUg0g0uNSHVlJ5X1lSzDZjPSFaiCWvjgsvu8vEVxtahPrLMinIDEEGnx6cBe6iqdx5YWz08wQ==",
      "dev": true
    },
    "postcss-nesting": {
      "version": "10.1.9",
      "resolved": "https://registry.npmjs.org/postcss-nesting/-/postcss-nesting-10.1.9.tgz",
      "integrity": "sha512-WlnqQecNMT7eizBpWwAnQOIk7Zr0A+OZJccEwQoTwmcIsZCVdcjT1LjXj1hBk6zR3BDLZQYsb5KZj2HquZgvTw==",
      "dev": true,
      "requires": {
        "@csstools/selector-specificity": "^2.0.0",
        "postcss-selector-parser": "^6.0.10"
      }
    },
    "postcss-opacity-percentage": {
      "version": "1.1.2",
      "resolved": "https://registry.npmjs.org/postcss-opacity-percentage/-/postcss-opacity-percentage-1.1.2.tgz",
      "integrity": "sha512-lyUfF7miG+yewZ8EAk9XUBIlrHyUE6fijnesuz+Mj5zrIHIEw6KcIZSOk/elVMqzLvREmXB83Zi/5QpNRYd47w==",
      "dev": true
    },
    "postcss-overflow-shorthand": {
      "version": "3.0.3",
      "resolved": "https://registry.npmjs.org/postcss-overflow-shorthand/-/postcss-overflow-shorthand-3.0.3.tgz",
      "integrity": "sha512-CxZwoWup9KXzQeeIxtgOciQ00tDtnylYIlJBBODqkgS/PU2jISuWOL/mYLHmZb9ZhZiCaNKsCRiLp22dZUtNsg==",
      "dev": true
    },
    "postcss-page-break": {
      "version": "3.0.4",
      "resolved": "https://registry.npmjs.org/postcss-page-break/-/postcss-page-break-3.0.4.tgz",
      "integrity": "sha512-1JGu8oCjVXLa9q9rFTo4MbeeA5FMe00/9C7lN4va606Rdb+HkxXtXsmEDrIraQ11fGz/WvKWa8gMuCKkrXpTsQ==",
      "dev": true
    },
    "postcss-place": {
      "version": "7.0.4",
      "resolved": "https://registry.npmjs.org/postcss-place/-/postcss-place-7.0.4.tgz",
      "integrity": "sha512-MrgKeiiu5OC/TETQO45kV3npRjOFxEHthsqGtkh3I1rPbZSbXGD/lZVi9j13cYh+NA8PIAPyk6sGjT9QbRyvSg==",
      "dev": true,
      "requires": {
        "postcss-value-parser": "^4.2.0"
      }
    },
    "postcss-preset-env": {
      "version": "7.7.2",
      "resolved": "https://registry.npmjs.org/postcss-preset-env/-/postcss-preset-env-7.7.2.tgz",
      "integrity": "sha512-1q0ih7EDsZmCb/FMDRvosna7Gsbdx8CvYO5hYT120hcp2ZAuOHpSzibujZ4JpIUcAC02PG6b+eftxqjTFh5BNA==",
      "dev": true,
      "requires": {
        "@csstools/postcss-cascade-layers": "^1.0.4",
        "@csstools/postcss-color-function": "^1.1.0",
        "@csstools/postcss-font-format-keywords": "^1.0.0",
        "@csstools/postcss-hwb-function": "^1.0.1",
        "@csstools/postcss-ic-unit": "^1.0.0",
        "@csstools/postcss-is-pseudo-class": "^2.0.6",
        "@csstools/postcss-normalize-display-values": "^1.0.0",
        "@csstools/postcss-oklab-function": "^1.1.0",
        "@csstools/postcss-progressive-custom-properties": "^1.3.0",
        "@csstools/postcss-stepped-value-functions": "^1.0.0",
        "@csstools/postcss-trigonometric-functions": "^1.0.1",
        "@csstools/postcss-unset-value": "^1.0.1",
        "autoprefixer": "^10.4.7",
        "browserslist": "^4.21.0",
        "css-blank-pseudo": "^3.0.3",
        "css-has-pseudo": "^3.0.4",
        "css-prefers-color-scheme": "^6.0.3",
        "cssdb": "^6.6.3",
        "postcss-attribute-case-insensitive": "^5.0.1",
        "postcss-clamp": "^4.1.0",
        "postcss-color-functional-notation": "^4.2.3",
        "postcss-color-hex-alpha": "^8.0.4",
        "postcss-color-rebeccapurple": "^7.1.0",
        "postcss-custom-media": "^8.0.2",
        "postcss-custom-properties": "^12.1.8",
        "postcss-custom-selectors": "^6.0.3",
        "postcss-dir-pseudo-class": "^6.0.4",
        "postcss-double-position-gradients": "^3.1.1",
        "postcss-env-function": "^4.0.6",
        "postcss-focus-visible": "^6.0.4",
        "postcss-focus-within": "^5.0.4",
        "postcss-font-variant": "^5.0.0",
        "postcss-gap-properties": "^3.0.3",
        "postcss-image-set-function": "^4.0.6",
        "postcss-initial": "^4.0.1",
        "postcss-lab-function": "^4.2.0",
        "postcss-logical": "^5.0.4",
        "postcss-media-minmax": "^5.0.0",
        "postcss-nesting": "^10.1.9",
        "postcss-opacity-percentage": "^1.1.2",
        "postcss-overflow-shorthand": "^3.0.3",
        "postcss-page-break": "^3.0.4",
        "postcss-place": "^7.0.4",
        "postcss-pseudo-class-any-link": "^7.1.5",
        "postcss-replace-overflow-wrap": "^4.0.0",
        "postcss-selector-not": "^6.0.0",
        "postcss-value-parser": "^4.2.0"
      }
    },
    "postcss-pseudo-class-any-link": {
      "version": "7.1.5",
      "resolved": "https://registry.npmjs.org/postcss-pseudo-class-any-link/-/postcss-pseudo-class-any-link-7.1.5.tgz",
      "integrity": "sha512-nSGKGScwFTaaV8Cyi27W9FegX3l3b7tmNxujxmykI/j3++cBAiq8fTUAU3ZK0s2aneN2T8cTUvKdNedzp3JIEA==",
      "dev": true,
      "requires": {
        "postcss-selector-parser": "^6.0.10"
      }
    },
    "postcss-replace-overflow-wrap": {
      "version": "4.0.0",
      "resolved": "https://registry.npmjs.org/postcss-replace-overflow-wrap/-/postcss-replace-overflow-wrap-4.0.0.tgz",
      "integrity": "sha512-KmF7SBPphT4gPPcKZc7aDkweHiKEEO8cla/GjcBK+ckKxiZslIu3C4GCRW3DNfL0o7yW7kMQu9xlZ1kXRXLXtw==",
      "dev": true
    },
    "postcss-selector-not": {
      "version": "6.0.0",
      "resolved": "https://registry.npmjs.org/postcss-selector-not/-/postcss-selector-not-6.0.0.tgz",
      "integrity": "sha512-i/HI/VNd3V9e1WOLCwJsf9nePBRXqcGtVibcJ9FsVo0agfDEfsLSlFt94aYjY35wUNcdG0KrvdyjEr7It50wLQ==",
      "dev": true,
      "requires": {
        "postcss-selector-parser": "^6.0.10"
      }
    },
    "postcss-selector-parser": {
      "version": "6.0.10",
      "resolved": "https://registry.npmjs.org/postcss-selector-parser/-/postcss-selector-parser-6.0.10.tgz",
      "integrity": "sha512-IQ7TZdoaqbT+LCpShg46jnZVlhWD2w6iQYAcYXfHARZ7X1t/UGhhceQDs5X0cGqKvYlHNOuv7Oa1xmb0oQuA3w==",
      "dev": true,
      "requires": {
        "cssesc": "^3.0.0",
        "util-deprecate": "^1.0.2"
      }
    },
    "postcss-value-parser": {
      "version": "4.2.0",
      "resolved": "https://registry.npmjs.org/postcss-value-parser/-/postcss-value-parser-4.2.0.tgz",
      "integrity": "sha512-1NNCs6uurfkVbeXG4S8JFT9t19m45ICnif8zWLd5oPSZ50QnwMfK+H3jv408d4jw/7Bttv5axS5IiHoLaVNHeQ==",
      "dev": true
    },
    "resolve": {
      "version": "1.22.1",
      "resolved": "https://registry.npmjs.org/resolve/-/resolve-1.22.1.tgz",
      "integrity": "sha512-nBpuuYuY5jFsli/JIs1oldw6fOQCBioohqWZg/2hiaOybXOft4lonv85uDOKXdf8rhyK159cxU5cDcK/NKk8zw==",
      "dev": true,
      "requires": {
        "is-core-module": "^2.9.0",
        "path-parse": "^1.0.7",
        "supports-preserve-symlinks-flag": "^1.0.0"
      }
    },
    "rollup": {
      "version": "2.75.7",
      "resolved": "https://registry.npmjs.org/rollup/-/rollup-2.75.7.tgz",
      "integrity": "sha512-VSE1iy0eaAYNCxEXaleThdFXqZJ42qDBatAwrfnPlENEZ8erQ+0LYX4JXOLPceWfZpV1VtZwZ3dFCuOZiSyFtQ==",
      "dev": true,
      "requires": {
        "fsevents": "~2.3.2"
      }
    },
    "source-map": {
      "version": "0.6.1",
      "resolved": "https://registry.npmjs.org/source-map/-/source-map-0.6.1.tgz",
      "integrity": "sha512-UjgapumWlbMhkBgzT7Ykc5YXUT46F0iKu8SGXq0bcwP5dz/h0Plj6enJqjz1Zbq2l5WaqYnrVbwWOWMyF3F47g=="
    },
    "source-map-js": {
      "version": "1.0.2",
      "resolved": "https://registry.npmjs.org/source-map-js/-/source-map-js-1.0.2.tgz",
      "integrity": "sha512-R0XvVJ9WusLiqTCEiGCmICCMplcCkIwwR11mOSD9CR5u+IXYdiseeEuXCVAjS54zqwkLcPNnmU4OeJ6tUrWhDw=="
    },
    "sourcemap-codec": {
      "version": "1.4.8",
      "resolved": "https://registry.npmjs.org/sourcemap-codec/-/sourcemap-codec-1.4.8.tgz",
      "integrity": "sha512-9NykojV5Uih4lgo5So5dtw+f0JgJX30KCNI8gwhz2J9A15wD0Ml6tjHKwf6fTSa6fAdVBdZeNOs9eJ71qCk8vA=="
    },
    "supports-preserve-symlinks-flag": {
      "version": "1.0.0",
      "resolved": "https://registry.npmjs.org/supports-preserve-symlinks-flag/-/supports-preserve-symlinks-flag-1.0.0.tgz",
      "integrity": "sha512-ot0WnXS9fgdkgIcePe6RHNk1WA8+muPa6cSjeR3V8K27q9BB1rTE3R1p7Hv0z1ZyAc8s6Vvv8DIyWf681MAt0w==",
      "dev": true
    },
    "update-browserslist-db": {
      "version": "1.0.4",
      "resolved": "https://registry.npmjs.org/update-browserslist-db/-/update-browserslist-db-1.0.4.tgz",
      "integrity": "sha512-jnmO2BEGUjsMOe/Fg9u0oczOe/ppIDZPebzccl1yDWGLFP16Pa1/RM5wEoKYPG2zstNcDuAStejyxsOuKINdGA==",
      "dev": true,
      "requires": {
        "escalade": "^3.1.1",
        "picocolors": "^1.0.0"
      }
    },
    "util-deprecate": {
      "version": "1.0.2",
      "resolved": "https://registry.npmjs.org/util-deprecate/-/util-deprecate-1.0.2.tgz",
      "integrity": "sha512-EPD5q1uXyFxJpCrLnCc1nHnq3gOa6DZBocAIiI2TaSCA7VCJ1UJDMagCzIkXNsUYfD1daK//LTEQ8xiIbrHtcw==",
      "dev": true
    },
    "vite": {
      "version": "2.9.4",
      "resolved": "https://registry.npmjs.org/vite/-/vite-2.9.4.tgz",
      "integrity": "sha512-7pO6ruZMsyTpaPB7kGtW+yj15Ze5g+E4w4Ramk1sAJLIuI4uPd5sauqubmZNpq0Yc1vLVxoXRf2Uj+qWxk5aXw==",
      "dev": true,
      "requires": {
        "esbuild": "^0.14.27",
        "fsevents": "~2.3.2",
        "postcss": "^8.4.12",
        "resolve": "^1.22.0",
        "rollup": "^2.59.0"
      }
    },
    "vue": {
      "version": "3.2.37",
      "resolved": "https://registry.npmjs.org/vue/-/vue-3.2.37.tgz",
      "integrity": "sha512-bOKEZxrm8Eh+fveCqS1/NkG/n6aMidsI6hahas7pa0w/l7jkbssJVsRhVDs07IdDq7h9KHswZOgItnwJAgtVtQ==",
      "requires": {
        "@vue/compiler-dom": "3.2.37",
        "@vue/compiler-sfc": "3.2.37",
        "@vue/runtime-dom": "3.2.37",
        "@vue/server-renderer": "3.2.37",
        "@vue/shared": "3.2.37"
      }
    }
  }
}
